
Microsoft Visual Studio Solution File, Format Version 12.00
# Visual Studio 14
VisualStudioVersion = 14.0.25420.1
MinimumVisualStudioVersion = 10.0.40219.1
Project("{FAE04EC0-301F-11D3-BF4B-00C04F79EFBC}") = "WikiSite.Entities", "WikiSite.Entities\WikiSite.Entities.csproj", "{DF40A42E-4722-4B15-96B2-41E3449277B4}"
EndProject
Project("{2150E333-8FDC-42A3-9474-1A3956D46DE8}") = "Entities", "Entities", "{D37B8D73-CDF6-4C21-ACF5-5582E0C906AD}"
EndProject
Project("{2150E333-8FDC-42A3-9474-1A3956D46DE8}") = "PL", "PL", "{D89F30A1-E6A5-49EA-9BC5-47EE47FE522D}"
EndProject
Project("{2150E333-8FDC-42A3-9474-1A3956D46DE8}") = "DAL", "DAL", "{19F38235-B05B-4433-BCB9-F6EA886F513F}"
EndProject
Project("{2150E333-8FDC-42A3-9474-1A3956D46DE8}") = "BLL", "BLL", "{433563F5-0341-4346-9F42-E85FF6D3D839}"
EndProject
Project("{2150E333-8FDC-42A3-9474-1A3956D46DE8}") = "DI", "DI", "{15A8148E-D229-4BB0-92E2-2293218531A7}"
EndProject
Project("{FAE04EC0-301F-11D3-BF4B-00C04F79EFBC}") = "WikiSite.PL.Console", "WikiSite.PL.Console\WikiSite.PL.Console.csproj", "{8BBFC23D-5DBC-40A1-8EF3-5C53195ABEF0}"
EndProject
Project("{FAE04EC0-301F-11D3-BF4B-00C04F79EFBC}") = "WikiSite.DAL.Abstract", "WikiSite.DAL.Abstract\WikiSite.DAL.Abstract.csproj", "{2F51132C-74AC-4E82-8B41-E1E477495DB7}"
EndProject
Project("{FAE04EC0-301F-11D3-BF4B-00C04F79EFBC}") = "WikiSite.DAL.SQL", "WikiSite.DAL.SQL\WikiSite.DAL.SQL.csproj", "{5570BF78-7DB6-4E02-8542-4A86DB841AB9}"
EndProject
Project("{FAE04EC0-301F-11D3-BF4B-00C04F79EFBC}") = "WikiSite.BLL.Default", "WikiSite.BLL.Default\WikiSite.BLL.Default.csproj", "{6F99A9F2-2735-4D26-9B2E-32D0A0CD41CF}"
EndProject
Project("{FAE04EC0-301F-11D3-BF4B-00C04F79EFBC}") = "WikiSite.BLL.Abstract", "WikiSite.BLL.Abstract\WikiSite.BLL.Abstract.csproj", "{594B1C9C-82A7-49DD-8B7F-4B530FA81EF1}"
EndProject
Project("{FAE04EC0-301F-11D3-BF4B-00C04F79EFBC}") = "WikiSite.DI.Provider", "WikiSite.DI.Provider\WikiSite.DI.Provider.csproj", "{C2ADEC93-7A34-4E05-9149-0CAA8AC6091B}"
EndProject
Global
	GlobalSection(SolutionConfigurationPlatforms) = preSolution
		Debug|Any CPU = Debug|Any CPU
		Release|Any CPU = Release|Any CPU
	EndGlobalSection
	GlobalSection(ProjectConfigurationPlatforms) = postSolution
		{DF40A42E-4722-4B15-96B2-41E3449277B4}.Debug|Any CPU.ActiveCfg = Debug|Any CPU
		{DF40A42E-4722-4B15-96B2-41E3449277B4}.Debug|Any CPU.Build.0 = Debug|Any CPU
		{DF40A42E-4722-4B15-96B2-41E3449277B4}.Release|Any CPU.ActiveCfg = Release|Any CPU
		{DF40A42E-4722-4B15-96B2-41E3449277B4}.Release|Any CPU.Build.0 = Release|Any CPU
		{8BBFC23D-5DBC-40A1-8EF3-5C53195ABEF0}.Debug|Any CPU.ActiveCfg = Debug|Any CPU
		{8BBFC23D-5DBC-40A1-8EF3-5C53195ABEF0}.Debug|Any CPU.Build.0 = Debug|Any CPU
		{8BBFC23D-5DBC-40A1-8EF3-5C53195ABEF0}.Release|Any CPU.ActiveCfg = Release|Any CPU
		{8BBFC23D-5DBC-40A1-8EF3-5C53195ABEF0}.Release|Any CPU.Build.0 = Release|Any CPU
		{2F51132C-74AC-4E82-8B41-E1E477495DB7}.Debug|Any CPU.ActiveCfg = Debug|Any CPU
		{2F51132C-74AC-4E82-8B41-E1E477495DB7}.Debug|Any CPU.Build.0 = Debug|Any CPU
		{2F51132C-74AC-4E82-8B41-E1E477495DB7}.Release|Any CPU.ActiveCfg = Release|Any CPU
		{2F51132C-74AC-4E82-8B41-E1E477495DB7}.Release|Any CPU.Build.0 = Release|Any CPU
		{5570BF78-7DB6-4E02-8542-4A86DB841AB9}.Debug|Any CPU.ActiveCfg = Debug|Any CPU
		{5570BF78-7DB6-4E02-8542-4A86DB841AB9}.Debug|Any CPU.Build.0 = Debug|Any CPU
		{5570BF78-7DB6-4E02-8542-4A86DB841AB9}.Release|Any CPU.ActiveCfg = Release|Any CPU
		{5570BF78-7DB6-4E02-8542-4A86DB841AB9}.Release|Any CPU.Build.0 = Release|Any CPU
		{6F99A9F2-2735-4D26-9B2E-32D0A0CD41CF}.Debug|Any CPU.ActiveCfg = Debug|Any CPU
		{6F99A9F2-2735-4D26-9B2E-32D0A0CD41CF}.Debug|Any CPU.Build.0 = Debug|Any CPU
		{6F99A9F2-2735-4D26-9B2E-32D0A0CD41CF}.Release|Any CPU.ActiveCfg = Release|Any CPU
		{6F99A9F2-2735-4D26-9B2E-32D0A0CD41CF}.Release|Any CPU.Build.0 = Release|Any CPU
		{594B1C9C-82A7-49DD-8B7F-4B530FA81EF1}.Debug|Any CPU.ActiveCfg = Debug|Any CPU
		{594B1C9C-82A7-49DD-8B7F-4B530FA81EF1}.Debug|Any CPU.Build.0 = Debug|Any CPU
		{594B1C9C-82A7-49DD-8B7F-4B530FA81EF1}.Release|Any CPU.ActiveCfg = Release|Any CPU
		{594B1C9C-82A7-49DD-8B7F-4B530FA81EF1}.Release|Any CPU.Build.0 = Release|Any CPU
		{C2ADEC93-7A34-4E05-9149-0CAA8AC6091B}.Debug|Any CPU.ActiveCfg = Debug|Any CPU
		{C2ADEC93-7A34-4E05-9149-0CAA8AC6091B}.Debug|Any CPU.Build.0 = Debug|Any CPU
		{C2ADEC93-7A34-4E05-9149-0CAA8AC6091B}.Release|Any CPU.ActiveCfg = Release|Any CPU
		{C2ADEC93-7A34-4E05-9149-0CAA8AC6091B}.Release|Any CPU.Build.0 = Release|Any CPU
	EndGlobalSection
	GlobalSection(SolutionProperties) = preSolution
		HideSolutionNode = FALSE
	EndGlobalSection
	GlobalSection(NestedProjects) = preSolution
		{DF40A42E-4722-4B15-96B2-41E3449277B4} = {D37B8D73-CDF6-4C21-ACF5-5582E0C906AD}
		{8BBFC23D-5DBC-40A1-8EF3-5C53195ABEF0} = {D89F30A1-E6A5-49EA-9BC5-47EE47FE522D}
		{2F51132C-74AC-4E82-8B41-E1E477495DB7} = {19F38235-B05B-4433-BCB9-F6EA886F513F}
		{5570BF78-7DB6-4E02-8542-4A86DB841AB9} = {19F38235-B05B-4433-BCB9-F6EA886F513F}
		{6F99A9F2-2735-4D26-9B2E-32D0A0CD41CF} = {433563F5-0341-4346-9F42-E85FF6D3D839}
		{594B1C9C-82A7-49DD-8B7F-4B530FA81EF1} = {433563F5-0341-4346-9F42-E85FF6D3D839}
		{C2ADEC93-7A34-4E05-9149-0CAA8AC6091B} = {15A8148E-D229-4BB0-92E2-2293218531A7}
	EndGlobalSection
EndGlobal
